
Microsoft Visual Studio Solution File, Format Version 12.00
# Visual Studio Version 16
VisualStudioVersion = 16.0.28922.388
MinimumVisualStudioVersion = 10.0.40219.1
Project("{9A19103F-16F7-4668-BE54-9A1E7A4F7556}") = "aps.cadastro.api", "aps.cadastro.api\aps.cadastro.api.csproj", "{8C216082-F522-4ADB-86E3-54C79B4CDC29}"
EndProject
Global
	GlobalSection(SolutionConfigurationPlatforms) = preSolution
		Debug|Any CPU = Debug|Any CPU
		Release|Any CPU = Release|Any CPU
	EndGlobalSection
	GlobalSection(ProjectConfigurationPlatforms) = postSolution
		{8C216082-F522-4ADB-86E3-54C79B4CDC29}.Debug|Any CPU.ActiveCfg = Debug|Any CPU
		{8C216082-F522-4ADB-86E3-54C79B4CDC29}.Debug|Any CPU.Build.0 = Debug|Any CPU
		{8C216082-F522-4ADB-86E3-54C79B4CDC29}.Release|Any CPU.ActiveCfg = Release|Any CPU
		{8C216082-F522-4ADB-86E3-54C79B4CDC29}.Release|Any CPU.Build.0 = Release|Any CPU
	EndGlobalSection
	GlobalSection(SolutionProperties) = preSolution
		HideSolutionNode = FALSE
	EndGlobalSection
	GlobalSection(ExtensibilityGlobals) = postSolution
		SolutionGuid = {E9CE261B-EED7-4E35-B085-F18914B805DF}
	EndGlobalSection
EndGlobal
